<Solution>
  <Project Path="ParkingSubscription.AdminPanel/ParkingSubscription.AdminPanel.csproj" />
  <Project Path="ParkingSubscription.Api/ParkingSubscription.Api.csproj" />
  <Project Path="ParkingSubscription.Application/ParkingSubscription.Application.csproj" />
  <Project Path="ParkingSubscription.Domain/ParkingSubscription.Domain.csproj" />
  <Project Path="ParkingSubscription.Infrastructure/ParkingSubscription.Infrastructure.csproj" />
  <Project Path="ParkingSubscription.Tests/ParkingSubscription.Tests.csproj" />
  <Project Path="ParkingSubscription.Web/ParkingSubscription.Web.csproj" />
</Solution>
